# This file is automatically @generated by Cargo.
# It is not intended for manual editing.
version = 3

[[package]]
name = "cfg-if"
version = "1.0.0"
source = "registry+https://github.com/rust-lang/crates.io-index"
checksum = "baf1de4339761588bc0619e3cbc0120ee582ebb74b53b4efbf79117bd2da40fd"

[[package]]
name = "crossbeam-queue"
version = "0.3.3"
source = "registry+https://github.com/rust-lang/crates.io-index"
checksum = "b979d76c9fcb84dffc80a73f7290da0f83e4c95773494674cb44b76d13a7a110"
dependencies = [
 "cfg-if",
 "crossbeam-utils",
]

[[package]]
name = "crossbeam-utils"
version = "0.8.6"
source = "registry+https://github.com/rust-lang/crates.io-index"
checksum = "cfcae03edb34f947e64acdb1c33ec169824e20657e9ecb61cef6c8c74dcb8120"
dependencies = [
 "cfg-if",
 "lazy_static",
]

[[package]]
name = "dynamic-pool"
version = "0.2.2"
dependencies = [
 "crossbeam-queue",
]

[[package]]
name = "lazy_static"
version = "1.4.0"
source = "registry+https://github.com/rust-lang/crates.io-index"
checksum = "e2abad23fbc42b3700f2f279844dc832adb2b2eb069b2df918f455c4e18cc646"
